
Microsoft Visual Studio Solution File, Format Version 12.00
# Visual Studio 15
VisualStudioVersion = 15.0.28307.1082
MinimumVisualStudioVersion = 10.0.40219.1
Project("{FAE04EC0-301F-11D3-BF4B-00C04F79EFBC}") = "lan2", "lan2\lan2.csproj", "{4DE6700A-15E5-4A76-A3F6-5565A35AB735}"
EndProject
Project("{FAE04EC0-301F-11D3-BF4B-00C04F79EFBC}") = "MVC", "MVC\MVC.csproj", "{21753704-F417-4716-BC6C-14CD3002F4CB}"
EndProject
Global
	GlobalSection(SolutionConfigurationPlatforms) = preSolution
		Debug|Any CPU = Debug|Any CPU
		Release|Any CPU = Release|Any CPU
	EndGlobalSection
	GlobalSection(ProjectConfigurationPlatforms) = postSolution
		{4DE6700A-15E5-4A76-A3F6-5565A35AB735}.Debug|Any CPU.ActiveCfg = Debug|Any CPU
		{4DE6700A-15E5-4A76-A3F6-5565A35AB735}.Debug|Any CPU.Build.0 = Debug|Any CPU
		{4DE6700A-15E5-4A76-A3F6-5565A35AB735}.Release|Any CPU.ActiveCfg = Release|Any CPU
		{4DE6700A-15E5-4A76-A3F6-5565A35AB735}.Release|Any CPU.Build.0 = Release|Any CPU
		{21753704-F417-4716-BC6C-14CD3002F4CB}.Debug|Any CPU.ActiveCfg = Debug|Any CPU
		{21753704-F417-4716-BC6C-14CD3002F4CB}.Debug|Any CPU.Build.0 = Debug|Any CPU
		{21753704-F417-4716-BC6C-14CD3002F4CB}.Release|Any CPU.ActiveCfg = Release|Any CPU
		{21753704-F417-4716-BC6C-14CD3002F4CB}.Release|Any CPU.Build.0 = Release|Any CPU
	EndGlobalSection
	GlobalSection(SolutionProperties) = preSolution
		HideSolutionNode = FALSE
	EndGlobalSection
	GlobalSection(ExtensibilityGlobals) = postSolution
		SolutionGuid = {68971431-8F93-4C2E-8E25-0664C3AB13A4}
	EndGlobalSection
EndGlobal
